<Project xmlns="http://schemas.microsoft.com/developer/msbuild/2003">
    <PropertyGroup>
        <ProjectGuid>{89203571-6619-4F0E-AF49-2E33D9D2304C}</ProjectGuid>
        <ProjectVersion>18.1</ProjectVersion>
        <MainSource>firebird_test.dpr</MainSource>
        <Base>True</Base>
        <Config Condition="'$(Config)'==''">Debug</Config>
        <Platform Condition="'$(Platform)'==''">Win32</Platform>
        <TargetedPlatforms>3</TargetedPlatforms>
        <AppType>Console</AppType>
        <FrameworkType>None</FrameworkType>
    </PropertyGroup>
    <PropertyGroup Condition="'$(Config)'=='Base' or '$(Base)'!=''">
        <Base>true</Base>
    </PropertyGroup>
    <PropertyGroup Condition="('$(Platform)'=='Android' and '$(Base)'=='true') or '$(Base_Android)'!=''">
        <Base_Android>true</Base_Android>
        <CfgParent>Base</CfgParent>
        <Base>true</Base>
    </PropertyGroup>
    <PropertyGroup Condition="('$(Platform)'=='iOSDevice32' and '$(Base)'=='true') or '$(Base_iOSDevice32)'!=''">
        <Base_iOSDevice32>true</Base_iOSDevice32>
        <CfgParent>Base</CfgParent>
        <Base>true</Base>
    </PropertyGroup>
    <PropertyGroup Condition="('$(Platform)'=='iOSDevice64' and '$(Base)'=='true') or '$(Base_iOSDevice64)'!=''">
        <Base_iOSDevice64>true</Base_iOSDevice64>
        <CfgParent>Base</CfgParent>
        <Base>true</Base>
    </PropertyGroup>
    <PropertyGroup Condition="('$(Platform)'=='iOSSimulator' and '$(Base)'=='true') or '$(Base_iOSSimulator)'!=''">
        <Base_iOSSimulator>true</Base_iOSSimulator>
        <CfgParent>Base</CfgParent>
        <Base>true</Base>
    </PropertyGroup>
    <PropertyGroup Condition="('$(Platform)'=='OSX32' and '$(Base)'=='true') or '$(Base_OSX32)'!=''">
        <Base_OSX32>true</Base_OSX32>
        <CfgParent>Base</CfgParent>
        <Base>true</Base>
    </PropertyGroup>
    <PropertyGroup Condition="('$(Platform)'=='Win32' and '$(Base)'=='true') or '$(Base_Win32)'!=''">
        <Base_Win32>true</Base_Win32>
        <CfgParent>Base</CfgParent>
        <Base>true</Base>
    </PropertyGroup>
    <PropertyGroup Condition="('$(Platform)'=='Win64' and '$(Base)'=='true') or '$(Base_Win64)'!=''">
        <Base_Win64>true</Base_Win64>
        <CfgParent>Base</CfgParent>
        <Base>true</Base>
    </PropertyGroup>
    <PropertyGroup Condition="'$(Config)'=='Debug' or '$(Cfg_1)'!=''">
        <Cfg_1>true</Cfg_1>
        <CfgParent>Base</CfgParent>
        <Base>true</Base>
    </PropertyGroup>
    <PropertyGroup Condition="('$(Platform)'=='Win32' and '$(Cfg_1)'=='true') or '$(Cfg_1_Win32)'!=''">
        <Cfg_1_Win32>true</Cfg_1_Win32>
        <CfgParent>Cfg_1</CfgParent>
        <Cfg_1>true</Cfg_1>
        <Base>true</Base>
    </PropertyGroup>
    <PropertyGroup Condition="'$(Config)'=='Release' or '$(Cfg_2)'!=''">
        <Cfg_2>true</Cfg_2>
        <CfgParent>Base</CfgParent>
        <Base>true</Base>
    </PropertyGroup>
    <PropertyGroup Condition="'$(Base)'!=''">
        <VerInfo_Keys>CompanyName=;FileDescription=;FileVersion=1.0.0.0;InternalName=;LegalCopyright=;LegalTrademarks=;OriginalFilename=;ProductName=;ProductVersion=1.0.0.0;Comments=</VerInfo_Keys>
        <VerInfo_Locale>1033</VerInfo_Locale>
        <UsingDelphiRTL>true</UsingDelphiRTL>
        <SanitizedProjectName>firebird_test</SanitizedProjectName>
        <Icns_MainIcns>$(BDS)\bin\delphi_PROJECTICNS.icns</Icns_MainIcns>
        <Icon_MainIcon>$(BDS)\bin\delphi_PROJECTICON.ico</Icon_MainIcon>
        <DCC_UnitSearchPath>firebird\src\include\gen;$(DCC_UnitSearchPath)</DCC_UnitSearchPath>
        <DCC_DcuOutput>.\$(Platform)\$(Config)</DCC_DcuOutput>
        <DCC_ExeOutput>.\$(Platform)\$(Config)</DCC_ExeOutput>
        <DCC_E>false</DCC_E>
        <DCC_N>false</DCC_N>
        <DCC_S>false</DCC_S>
        <DCC_F>false</DCC_F>
        <DCC_K>false</DCC_K>
    </PropertyGroup>
    <PropertyGroup Condition="'$(Base_Android)'!=''">
        <EnabledSysJars>android-support-v4.dex.jar;cloud-messaging.dex.jar;fmx.dex.jar;google-analytics-v2.dex.jar;google-play-billing.dex.jar;google-play-licensing.dex.jar;google-play-services.dex.jar</EnabledSysJars>
        <DCC_UsePackage>DBXSqliteDriver;RESTComponents;DBXInterBaseDriver;emsclientfiredac;DataSnapFireDAC;tethering;bindcompfmx;FmxTeeUI;FireDACIBDriver;fmx;FireDACDBXDriver;dbexpress;IndyCore;dsnap;DataSnapCommon;emsclient;FireDACCommon;RESTBackendComponents;soapserver;bindengine;CloudService;FireDACCommonDriver;DataSnapClient;inet;bindcompdbx;IndyIPCommon;IndyIPServer;IndySystem;fmxFireDAC;FireDAC;FireDACSqliteDriver;FMXTee;soaprtl;DbxCommonDriver;xmlrtl;soapmidas;DataSnapNativeClient;FireDACDSDriver;rtl;DbxClientDriver;CustomIPTransport;bindcomp;IndyIPClient;dbxcds;dsnapxml;DataSnapProviderClient;dbrtl;IndyProtocols;$(DCC_UsePackage)</DCC_UsePackage>
    </PropertyGroup>
    <PropertyGroup Condition="'$(Base_iOSDevice32)'!=''">
        <DCC_UsePackage>DBXSqliteDriver;RESTComponents;DBXInterBaseDriver;emsclientfiredac;DataSnapFireDAC;tethering;bindcompfmx;FmxTeeUI;FireDACIBDriver;fmx;FireDACDBXDriver;dbexpress;IndyCore;dsnap;DataSnapCommon;emsclient;FireDACCommon;RESTBackendComponents;soapserver;bindengine;CloudService;FireDACCommonDriver;DataSnapClient;inet;bindcompdbx;IndyIPCommon;IndyIPServer;IndySystem;fmxFireDAC;FireDAC;FireDACSqliteDriver;FMXTee;soaprtl;DbxCommonDriver;xmlrtl;soapmidas;DataSnapNativeClient;FireDACDSDriver;rtl;DbxClientDriver;CustomIPTransport;bindcomp;IndyIPClient;dbxcds;dsnapxml;DataSnapProviderClient;dbrtl;IndyProtocols;fmxase;$(DCC_UsePackage)</DCC_UsePackage>
    </PropertyGroup>
    <PropertyGroup Condition="'$(Base_iOSDevice64)'!=''">
        <DCC_UsePackage>DBXSqliteDriver;RESTComponents;DBXInterBaseDriver;emsclientfiredac;DataSnapFireDAC;tethering;bindcompfmx;FmxTeeUI;FireDACIBDriver;fmx;FireDACDBXDriver;dbexpress;IndyCore;dsnap;DataSnapCommon;emsclient;FireDACCommon;RESTBackendComponents;soapserver;bindengine;CloudService;FireDACCommonDriver;DataSnapClient;inet;bindcompdbx;IndyIPCommon;IndyIPServer;IndySystem;fmxFireDAC;FireDAC;FireDACSqliteDriver;FMXTee;soaprtl;DbxCommonDriver;xmlrtl;soapmidas;DataSnapNativeClient;FireDACDSDriver;rtl;DbxClientDriver;CustomIPTransport;bindcomp;IndyIPClient;dbxcds;dsnapxml;DataSnapProviderClient;dbrtl;IndyProtocols;fmxase;$(DCC_UsePackage)</DCC_UsePackage>
    </PropertyGroup>
    <PropertyGroup Condition="'$(Base_iOSSimulator)'!=''">
        <DCC_UsePackage>DBXSqliteDriver;RESTComponents;DBXInterBaseDriver;emsclientfiredac;DataSnapFireDAC;tethering;bindcompfmx;FmxTeeUI;FireDACIBDriver;fmx;FireDACDBXDriver;dbexpress;IndyCore;dsnap;DataSnapCommon;emsclient;FireDACCommon;RESTBackendComponents;soapserver;bindengine;CloudService;FireDACCommonDriver;DataSnapClient;inet;bindcompdbx;IndyIPCommon;IndyIPServer;IndySystem;fmxFireDAC;FireDAC;FireDACSqliteDriver;FMXTee;soaprtl;DbxCommonDriver;xmlrtl;soapmidas;DataSnapNativeClient;FireDACDSDriver;rtl;DbxClientDriver;CustomIPTransport;bindcomp;IndyIPClient;dbxcds;dsnapxml;DataSnapProviderClient;dbrtl;IndyProtocols;fmxase;$(DCC_UsePackage)</DCC_UsePackage>
    </PropertyGroup>
    <PropertyGroup Condition="'$(Base_OSX32)'!=''">
        <DCC_UsePackage>DBXSqliteDriver;RESTComponents;DataSnapServerMidas;DBXInterBaseDriver;emsclientfiredac;DataSnapFireDAC;tethering;FireDACMSSQLDriver;bindcompfmx;DBXOracleDriver;inetdb;FmxTeeUI;emsedge;FireDACIBDriver;fmx;fmxdae;FireDACDBXDriver;dbexpress;IndyCore;dsnap;DataSnapCommon;emsclient;FireDACCommon;RESTBackendComponents;soapserver;bindengine;DBXMySQLDriver;FireDACOracleDriver;CloudService;FireDACMySQLDriver;DBXFirebirdDriver;FireDACCommonODBC;FireDACCommonDriver;DataSnapClient;inet;bindcompdbx;IndyIPCommon;IndyIPServer;IndySystem;fmxFireDAC;FireDAC;emshosting;FireDACSqliteDriver;FireDACPgDriver;FireDACASADriver;FireDACTDataDriver;FMXTee;soaprtl;DbxCommonDriver;DataSnapServer;xmlrtl;soapmidas;DataSnapNativeClient;fmxobj;FireDACDSDriver;rtl;DbxClientDriver;DBXSybaseASADriver;CustomIPTransport;bindcomp;DBXInformixDriver;IndyIPClient;dbxcds;FireDACODBCDriver;DataSnapIndy10ServerTransport;dsnapxml;DataSnapProviderClient;dbrtl;inetdbxpress;FireDACMongoDBDriver;IndyProtocols;fmxase;$(DCC_UsePackage)</DCC_UsePackage>
    </PropertyGroup>
    <PropertyGroup Condition="'$(Base_Win32)'!=''">
        <Manifest_File>(None)</Manifest_File>
        <DCC_UsePackage>DBXSqliteDriver;RESTComponents;DataSnapServerMidas;DBXDb2Driver;DBXInterBaseDriver;cxPivotGridRS24;dxHttpIndyRequestRS24;vclactnband;dxSpreadSheetRS24;vclFireDAC;dxDockingRS24;dxSpreadSheetConditionalFormattingDialogsRS24;emsclientfiredac;DataSnapFireDAC;svnui;tethering;dxBarExtItemsRS24;FireDACADSDriver;DBXMSSQLDriver;dclRBE1724;DatasnapConnectorsFreePascal;FireDACMSSQLDriver;vcltouch;vcldb;bindcompfmx;svn;dxBarExtDBItemsRS24;DBXOracleDriver;inetdb;SyntEdit24;FmxTeeUI;emsedge;dxGDIPlusRS24;FireDACIBDriver;fmx;fmxdae;frx24;FireDACDBXDriver;dbexpress;IndyCore;rbRCL1724;dxNavBarRS24;vclx;cxTreeListRS24;dsnap;DataSnapCommon;emsclient;cxDataRS24;FireDACCommon;dxPSdxSpreadSheetLnkRS24;rbCIDE1724;RESTBackendComponents;DataSnapConnectors;dxRibbonRS24;VCLRESTComponents;soapserver;cxExportRS24;cxPivotGridChartRS24;dxOfficeCoreRS24;SyntEditDB24;dxBarRS24;dxTabbedMDIRS24;vclie;bindengine;DBXMySQLDriver;FireDACOracleDriver;CloudService;FireDACMySQLDriver;DBXFirebirdDriver;PascalScript_Core_D24;cxPivotGridOLAPRS24;DragDropD101Berlin;FireDACCommonODBC;FireDACCommonDriver;DataSnapClient;inet;bindcompdbx;IndyIPCommon;vcl;DBXSybaseASEDriver;IndyIPServer;rbRIDE1724;dxCoreRS24;IndySystem;FireDACDb2Driver;dxThemeRS24;dsnapcon;FireDACMSAccDriver;fmxFireDAC;FireDACInfxDriver;vclimg;TeeDB;FireDAC;emshosting;dxBarDBNavRS24;FireDACSqliteDriver;FireDACPgDriver;FireDACASADriver;DBXOdbcDriver;FireDACTDataDriver;FMXTee;dxServerModeRS24;rbIDE1724;soaprtl;DbxCommonDriver;Tee;DataSnapServer;xmlrtl;soapmidas;DataSnapNativeClient;fmxobj;vclwinx;FireDACDSDriver;rtl;dxLayoutControlRS24;DbxClientDriver;cxGridRS24;DBXSybaseASADriver;dxPSCoreRS24;CustomIPTransport;vcldsnap;cxLibraryRS24;rbRAP1724;bindcomp;appanalytics;DBXInformixDriver;dxMapControlRS24;IndyIPClient;dxPDFViewerRS24;bindcompvcl;rbBDE1724;TeeUI;cxPageControlRS24;cxEditorsRS24;dxRichEditControlRS24;dbxcds;VclSmp;adortl;FireDACODBCDriver;dxComnRS24;DataSnapIndy10ServerTransport;cxVerticalGridRS24;frxDB24;dsnapxml;DataSnapProviderClient;dbrtl;inetdbxpress;FireDACMongoDBDriver;IndyProtocols;dxmdsRS24;fmxase;$(DCC_UsePackage)</DCC_UsePackage>
    </PropertyGroup>
    <PropertyGroup Condition="'$(Base_Win64)'!=''">
        <Manifest_File>(None)</Manifest_File>
        <DCC_UsePackage>DBXSqliteDriver;RESTComponents;DataSnapServerMidas;DBXDb2Driver;DBXInterBaseDriver;cxPivotGridRS24;dxHttpIndyRequestRS24;vclactnband;dxSpreadSheetRS24;vclFireDAC;dxDockingRS24;dxSpreadSheetConditionalFormattingDialogsRS24;emsclientfiredac;DataSnapFireDAC;tethering;dxBarExtItemsRS24;FireDACADSDriver;DBXMSSQLDriver;DatasnapConnectorsFreePascal;FireDACMSSQLDriver;vcltouch;vcldb;bindcompfmx;dxBarExtDBItemsRS24;DBXOracleDriver;inetdb;FmxTeeUI;emsedge;dxGDIPlusRS24;FireDACIBDriver;fmx;fmxdae;FireDACDBXDriver;dbexpress;IndyCore;dxNavBarRS24;vclx;cxTreeListRS24;dsnap;DataSnapCommon;emsclient;cxDataRS24;FireDACCommon;dxPSdxSpreadSheetLnkRS24;RESTBackendComponents;DataSnapConnectors;dxRibbonRS24;VCLRESTComponents;soapserver;cxExportRS24;cxPivotGridChartRS24;dxOfficeCoreRS24;dxBarRS24;dxTabbedMDIRS24;vclie;bindengine;DBXMySQLDriver;FireDACOracleDriver;CloudService;FireDACMySQLDriver;DBXFirebirdDriver;PascalScript_Core_D24;cxPivotGridOLAPRS24;DragDropD101Berlin;FireDACCommonODBC;FireDACCommonDriver;DataSnapClient;inet;bindcompdbx;IndyIPCommon;vcl;DBXSybaseASEDriver;IndyIPServer;dxCoreRS24;IndySystem;FireDACDb2Driver;dxThemeRS24;dsnapcon;FireDACMSAccDriver;fmxFireDAC;FireDACInfxDriver;vclimg;TeeDB;FireDAC;emshosting;dxBarDBNavRS24;FireDACSqliteDriver;FireDACPgDriver;FireDACASADriver;DBXOdbcDriver;FireDACTDataDriver;FMXTee;dxServerModeRS24;soaprtl;DbxCommonDriver;Tee;DataSnapServer;xmlrtl;soapmidas;DataSnapNativeClient;fmxobj;vclwinx;FireDACDSDriver;rtl;dxLayoutControlRS24;DbxClientDriver;cxGridRS24;DBXSybaseASADriver;dxPSCoreRS24;CustomIPTransport;vcldsnap;cxLibraryRS24;bindcomp;appanalytics;DBXInformixDriver;dxMapControlRS24;IndyIPClient;dxPDFViewerRS24;bindcompvcl;TeeUI;cxPageControlRS24;cxEditorsRS24;dxRichEditControlRS24;dbxcds;VclSmp;adortl;FireDACODBCDriver;dxComnRS24;DataSnapIndy10ServerTransport;cxVerticalGridRS24;dsnapxml;DataSnapProviderClient;dbrtl;inetdbxpress;FireDACMongoDBDriver;IndyProtocols;dxmdsRS24;fmxase;$(DCC_UsePackage)</DCC_UsePackage>
    </PropertyGroup>
    <PropertyGroup Condition="'$(Cfg_1)'!=''">
        <DCC_Define>DEBUG;$(DCC_Define)</DCC_Define>
        <DCC_DebugDCUs>true</DCC_DebugDCUs>
        <DCC_Optimize>false</DCC_Optimize>
        <DCC_GenerateStackFrames>true</DCC_GenerateStackFrames>
        <DCC_DebugInfoInExe>true</DCC_DebugInfoInExe>
        <DCC_RemoteDebug>true</DCC_RemoteDebug>
    </PropertyGroup>
    <PropertyGroup Condition="'$(Cfg_1_Win32)'!=''">
        <DCC_RemoteDebug>false</DCC_RemoteDebug>
    </PropertyGroup>
    <PropertyGroup Condition="'$(Cfg_2)'!=''">
        <DCC_Define>Release;$(DCC_Define)</DCC_Define>
        <DCC_LocalDebugSymbols>false</DCC_LocalDebugSymbols>
        <DCC_SymbolReferenceInfo>0</DCC_SymbolReferenceInfo>
        <DCC_DebugInformation>0</DCC_DebugInformation>
    </PropertyGroup>
    <ItemGroup>
        <DelphiCompile Include="$(MainSource)">
            <MainSource>MainSource</MainSource>
        </DelphiCompile>
        <DCCReference Include="firebird.testcase.pas"/>
        <BuildConfiguration Include="Release">
            <Key>Cfg_2</Key>
            <CfgParent>Base</CfgParent>
        </BuildConfiguration>
        <BuildConfiguration Include="Base">
            <Key>Base</Key>
        </BuildConfiguration>
        <BuildConfiguration Include="Debug">
            <Key>Cfg_1</Key>
            <CfgParent>Base</CfgParent>
        </BuildConfiguration>
    </ItemGroup>
    <ProjectExtensions>
        <Borland.Personality>Delphi.Personality.12</Borland.Personality>
        <Borland.ProjectType>Console</Borland.ProjectType>
        <BorlandProject>
            <Delphi.Personality>
                <Source>
                    <Source Name="MainSource">firebird_test.dpr</Source>
                </Source>
                <Excluded_Packages>
                    <Excluded_Packages Name="$(BDSBIN)\bcboffice2k240.bpl">Embarcadero C++Builder Office 2000 Servers Package</Excluded_Packages>
                    <Excluded_Packages Name="$(BDSBIN)\bcbofficexp240.bpl">Embarcadero C++Builder Office XP Servers Package</Excluded_Packages>
                    <Excluded_Packages Name="$(BDSBIN)\dcloffice2k240.bpl">Microsoft Office 2000 Sample Automation Server Wrapper Components</Excluded_Packages>
                    <Excluded_Packages Name="$(BDSBIN)\dclofficexp240.bpl">Microsoft Office XP Sample Automation Server Wrapper Components</Excluded_Packages>
                </Excluded_Packages>
            </Delphi.Personality>
            <Platforms>
                <Platform value="Android">False</Platform>
                <Platform value="iOSDevice32">False</Platform>
                <Platform value="iOSDevice64">False</Platform>
                <Platform value="iOSSimulator">False</Platform>
                <Platform value="OSX32">False</Platform>
                <Platform value="Win32">True</Platform>
                <Platform value="Win64">True</Platform>
            </Platforms>
        </BorlandProject>
        <ProjectFileVersion>12</ProjectFileVersion>
    </ProjectExtensions>
    <Import Project="$(BDS)\Bin\CodeGear.Delphi.Targets" Condition="Exists('$(BDS)\Bin\CodeGear.Delphi.Targets')"/>
    <Import Project="$(APPDATA)\Embarcadero\$(BDSAPPDATABASEDIR)\$(PRODUCTVERSION)\UserTools.proj" Condition="Exists('$(APPDATA)\Embarcadero\$(BDSAPPDATABASEDIR)\$(PRODUCTVERSION)\UserTools.proj')"/>
</Project>
